// !$*UTF8*$!
{
	archiveVersion = 1;
	classes = {
	};
	objectVersion = 50;
	objects = {

/* Begin PBXBuildFile section */
		321B630323DC55A400666398 /* AppDelegate.swift in Sources */ = {isa = PBXBuildFile; fileRef = 321B630223DC55A400666398 /* AppDelegate.swift */; };
		321B630523DC55A400666398 /* SceneDelegate.swift in Sources */ = {isa = PBXBuildFile; fileRef = 321B630423DC55A400666398 /* SceneDelegate.swift */; };
		321B630723DC55A400666398 /* ViewController.swift in Sources */ = {isa = PBXBuildFile; fileRef = 321B630623DC55A400666398 /* ViewController.swift */; };
		321B630A23DC55A400666398 /* Main.storyboard in Resources */ = {isa = PBXBuildFile; fileRef = 321B630823DC55A400666398 /* Main.storyboard */; };
		321B630C23DC55A400666398 /* Assets.xcassets in Resources */ = {isa = PBXBuildFile; fileRef = 321B630B23DC55A400666398 /* Assets.xcassets */; };
		321B630F23DC55A400666398 /* LaunchScreen.storyboard in Resources */ = {isa = PBXBuildFile; fileRef = 321B630D23DC55A400666398 /* LaunchScreen.storyboard */; };
		B8BE8F9CB896D5ACBBF6689F /* Pods_RxSwiftCo.framework in Frameworks */ = {isa = PBXBuildFile; fileRef = 11B649E2E74130CADE236223 /* Pods_RxSwiftCo.framework */; };
/* End PBXBuildFile section */

/* Begin PBXFileReference section */
		11B649E2E74130CADE236223 /* Pods_RxSwiftCo.framework */ = {isa = PBXFileReference; explicitFileType = wrapper.framework; includeInIndex = 0; path = Pods_RxSwiftCo.framework; sourceTree = BUILT_PRODUCTS_DIR; };
		321B62FF23DC55A400666398 /* RxSwiftCo.app */ = {isa = PBXFileReference; explicitFileType = wrapper.application; includeInIndex = 0; path = RxSwiftCo.app; sourceTree = BUILT_PRODUCTS_DIR; };
		321B630223DC55A400666398 /* AppDelegate.swift */ = {isa = PBXFileReference; lastKnownFileType = sourcecode.swift; path = AppDelegate.swift; sourceTree = "<group>"; };
		321B630423DC55A400666398 /* SceneDelegate.swift */ = {isa = PBXFileReference; lastKnownFileType = sourcecode.swift; path = SceneDelegate.swift; sourceTree = "<group>"; };
		321B630623DC55A400666398 /* ViewController.swift */ = {isa = PBXFileReference; lastKnownFileType = sourcecode.swift; path = ViewController.swift; sourceTree = "<group>"; };
		321B630923DC55A400666398 /* Base */ = {isa = PBXFileReference; lastKnownFileType = file.storyboard; name = Base; path = Base.lproj/Main.storyboard; sourceTree = "<group>"; };
		321B630B23DC55A400666398 /* Assets.xcassets */ = {isa = PBXFileReference; lastKnownFileType = folder.assetcatalog; path = Assets.xcassets; sourceTree = "<group>"; };
		321B630E23DC55A400666398 /* Base */ = {isa = PBXFileReference; lastKnownFileType = file.storyboard; name = Base; path = Base.lproj/LaunchScreen.storyboard; sourceTree = "<group>"; };
		321B631023DC55A400666398 /* Info.plist */ = {isa = PBXFileReference; lastKnownFileType = text.plist.xml; path = Info.plist; sourceTree = "<group>"; };
		45016CE7B2E6085DECECE288 /* Pods-RxSwiftCo.debug.xcconfig */ = {isa = PBXFileReference; includeInIndex = 1; lastKnownFileType = text.xcconfig; name = "Pods-RxSwiftCo.debug.xcconfig"; path = "Pods/Target Support Files/Pods-RxSwiftCo/Pods-RxSwiftCo.debug.xcconfig"; sourceTree = "<group>"; };
		4E722B56D82E3E0C6C2233A6 /* Pods-RxSwiftCo.release.xcconfig */ = {isa = PBXFileReference; includeInIndex = 1; lastKnownFileType = text.xcconfig; name = "Pods-RxSwiftCo.release.xcconfig"; path = "Pods/Target Support Files/Pods-RxSwiftCo/Pods-RxSwiftCo.release.xcconfig"; sourceTree = "<group>"; };
/* End PBXFileReference section */

/* Begin PBXFrameworksBuildPhase section */
		321B62FC23DC55A400666398 /* Frameworks */ = {
			isa = PBXFrameworksBuildPhase;
			buildActionMask = 2147483647;
			files = (
				B8BE8F9CB896D5ACBBF6689F /* Pods_RxSwiftCo.framework in Frameworks */,
			);
			runOnlyForDeploymentPostprocessing = 0;
		};
/* End PBXFrameworksBuildPhase section */

/* Begin PBXGroup section */
		321B62F623DC55A400666398 = {
			isa = PBXGroup;
			children = (
				321B630123DC55A400666398 /* RxSwiftCo */,
				321B630023DC55A400666398 /* Products */,
				7722BE1E5DA767974DBE6DBE /* Pods */,
				D9B55DD5A6B42989E403C496 /* Frameworks */,
			);
			sourceTree = "<group>";
		};
		321B630023DC55A400666398 /* Products */ = {
			isa = PBXGroup;
			children = (
				321B62FF23DC55A400666398 /* RxSwiftCo.app */,
			);
			name = Products;
			sourceTree = "<group>";
		};
		321B630123DC55A400666398 /* RxSwiftCo */ = {
			isa = PBXGroup;
			children = (
				321B630223DC55A400666398 /* AppDelegate.swift */,
				321B630423DC55A400666398 /* SceneDelegate.swift */,
				321B630623DC55A400666398 /* ViewController.swift */,
				321B630823DC55A400666398 /* Main.storyboard */,
				321B630B23DC55A400666398 /* Assets.xcassets */,
				321B630D23DC55A400666398 /* LaunchScreen.storyboard */,
				321B631023DC55A400666398 /* Info.plist */,
			);
			path = RxSwiftCo;
			sourceTree = "<group>";
		};
		7722BE1E5DA767974DBE6DBE /* Pods */ = {
			isa = PBXGroup;
			children = (
				45016CE7B2E6085DECECE288 /* Pods-RxSwiftCo.debug.xcconfig */,
				4E722B56D82E3E0C6C2233A6 /* Pods-RxSwiftCo.release.xcconfig */,
			);
			name = Pods;
			sourceTree = "<group>";
		};
		D9B55DD5A6B42989E403C496 /* Frameworks */ = {
			isa = PBXGroup;
			children = (
				11B649E2E74130CADE236223 /* Pods_RxSwiftCo.framework */,
			);
			name = Frameworks;
			sourceTree = "<group>";
		};
/* End PBXGroup section */

/* Begin PBXNativeTarget section */
		321B62FE23DC55A400666398 /* RxSwiftCo */ = {
			isa = PBXNativeTarget;
			buildConfigurationList = 321B631323DC55A400666398 /* Build configuration list for PBXNativeTarget "RxSwiftCo" */;
			buildPhases = (
				43947ABF0A6514280D662042 /* [CP] Check Pods Manifest.lock */,
				321B62FB23DC55A400666398 /* Sources */,
				321B62FC23DC55A400666398 /* Frameworks */,
				321B62FD23DC55A400666398 /* Resources */,
				CDD5EB7D9A3026512FE613A7 /* [CP] Embed Pods Frameworks */,
			);
			buildRules = (
			);
			dependencies = (
			);
			name = RxSwiftCo;
			productName = RxSwiftCo;
			productReference = 321B62FF23DC55A400666398 /* RxSwiftCo.app */;
			productType = "com.apple.product-type.application";
		};
/* End PBXNativeTarget section */

/* Begin PBXProject section */
		321B62F723DC55A400666398 /* Project object */ = {
			isa = PBXProject;
			attributes = {
				LastSwiftUpdateCheck = 1130;
				LastUpgradeCheck = 1130;
				ORGANIZATIONNAME = sunil.kumar1;
				TargetAttributes = {
					321B62FE23DC55A400666398 = {
						CreatedOnToolsVersion = 11.3;
					};
				};
			};
			buildConfigurationList = 321B62FA23DC55A400666398 /* Build configuration list for PBXProject "RxSwiftCo" */;
			compatibilityVersion = "Xcode 9.3";
			developmentRegion = en;
			hasScannedForEncodings = 0;
			knownRegions = (
				en,
				Base,
			);
			mainGroup = 321B62F623DC55A400666398;
			productRefGroup = 321B630023DC55A400666398 /* Products */;
			projectDirPath = "";
			projectRoot = "";
			targets = (
				321B62FE23DC55A400666398 /* RxSwiftCo */,
			);
		};
/* End PBXProject section */

/* Begin PBXResourcesBuildPhase section */
		321B62FD23DC55A400666398 /* Resources */ = {
			isa = PBXResourcesBuildPhase;
			buildActionMask = 2147483647;
			files = (
				321B630F23DC55A400666398 /* LaunchScreen.storyboard in Resources */,
				321B630C23DC55A400666398 /* Assets.xcassets in Resources */,
				321B630A23DC55A400666398 /* Main.storyboard in Resources */,
			);
			runOnlyForDeploymentPostprocessing = 0;
		};
/* End PBXResourcesBuildPhase section */

/* Begin PBXShellScriptBuildPhase section */
		43947ABF0A6514280D662042 /* [CP] Check Pods Manifest.lock */ = {
			isa = PBXShellScriptBuildPhase;
			buildActionMask = 2147483647;
			files = (
			);
			inputFileListPaths = (
			);
			inputPaths = (
				"${PODS_PODFILE_DIR_PATH}/Podfile.lock",
				"${PODS_ROOT}/Manifest.lock",
			);
			name = "[CP] Check Pods Manifest.lock";
			outputFileListPaths = (
			);
			outputPaths = (
				"$(DERIVED_FILE_DIR)/Pods-RxSwiftCo-checkManifestLockResult.txt",
			);
			runOnlyForDeploymentPostprocessing = 0;
			shellPath = /bin/sh;
			shellScript = "diff \"${PODS_PODFILE_DIR_PATH}/Podfile.lock\" \"${PODS_ROOT}/Manifest.lock\" > /dev/null\nif [ $? != 0 ] ; then\n    # print error to STDERR\n    echo \"error: The sandbox is not in sync with the Podfile.lock. Run 'pod install' or update your CocoaPods installation.\" >&2\n    exit 1\nfi\n# This output is used by Xcode 'outputs' to avoid re-running this script phase.\necho \"SUCCESS\" > \"${SCRIPT_OUTPUT_FILE_0}\"\n";
			showEnvVarsInLog = 0;
		};
		CDD5EB7D9A3026512FE613A7 /* [CP] Embed Pods Frameworks */ = {
			isa = PBXShellScriptBuildPhase;
			buildActionMask = 2147483647;
			files = (
			);
			inputFileListPaths = (
			);
			inputPaths = (
				"${SRCROOT}/Pods/Target Support Files/Pods-RxSwiftCo/Pods-RxSwiftCo-frameworks.sh",
				"${BUILT_PRODUCTS_DIR}/RxSwift/RxSwift.framework",
			);
			name = "[CP] Embed Pods Frameworks";
			outputFileListPaths = (
			);
			outputPaths = (
				"${TARGET_BUILD_DIR}/${FRAMEWORKS_FOLDER_PATH}/RxSwift.framework",
			);
			runOnlyForDeploymentPostprocessing = 0;
			shellPath = /bin/sh;
			shellScript = "\"${SRCROOT}/Pods/Target Support Files/Pods-RxSwiftCo/Pods-RxSwiftCo-frameworks.sh\"\n";
			showEnvVarsInLog = 0;
		};
/* End PBXShellScriptBuildPhase section */

/* Begin PBXSourcesBuildPhase section */
		321B62FB23DC55A400666398 /* Sources */ = {
			isa = PBXSourcesBuildPhase;
			buildActionMask = 2147483647;
			files = (
				321B630723DC55A400666398 /* ViewController.swift in Sources */,
				321B630323DC55A400666398 /* AppDelegate.swift in Sources */,
				321B630523DC55A400666398 /* SceneDelegate.swift in Sources */,
			);
			runOnlyForDeploymentPostprocessing = 0;
		};
/* End PBXSourcesBuildPhase section */

/* Begin PBXVariantGroup section */
		321B630823DC55A400666398 /* Main.storyboard */ = {
			isa = PBXVariantGroup;
			children = (
				321B630923DC55A400666398 /* Base */,
			);
			name = Main.storyboard;
			sourceTree = "<group>";
		};
		321B630D23DC55A400666398 /* LaunchScreen.storyboard */ = {
			isa = PBXVariantGroup;
			children = (
				321B630E23DC55A400666398 /* Base */,
			);
			name = LaunchScreen.storyboard;
			sourceTree = "<group>";
		};
/* End PBXVariantGroup section */

/* Begin XCBuildConfiguration section */
		321B631123DC55A400666398 /* Debug */ = {
			isa = XCBuildConfiguration;
			buildSettings = {
				ALWAYS_SEARCH_USER_PATHS = NO;
				CLANG_ANALYZER_NONNULL = YES;
				CLANG_ANALYZER_NUMBER_OBJECT_CONVERSION = YES_AGGRESSIVE;
				CLANG_CXX_LANGUAGE_STANDARD = "gnu++14";
				CLANG_CXX_LIBRARY = "libc++";
				CLANG_ENABLE_MODULES = YES;
				CLANG_ENABLE_OBJC_ARC = YES;
				CLANG_ENABLE_OBJC_WEAK = YES;
				CLANG_WARN_BLOCK_CAPTURE_AUTORELEASING = YES;
				CLANG_WARN_BOOL_CONVERSION = YES;
				CLANG_WARN_COMMA = YES;
				CLANG_WARN_CONSTANT_CONVERSION = YES;
				CLANG_WARN_DEPRECATED_OBJC_IMPLEMENTATIONS = YES;
				CLANG_WARN_DIRECT_OBJC_ISA_USAGE = YES_ERROR;
				CLANG_WARN_DOCUMENTATION_COMMENTS = YES;
				CLANG_WARN_EMPTY_BODY = YES;
				CLANG_WARN_ENUM_CONVERSION = YES;
				CLANG_WARN_INFINITE_RECURSION = YES;
				CLANG_WARN_INT_CONVERSION = YES;
				CLANG_WARN_NON_LITERAL_NULL_CONVERSION = YES;
				CLANG_WARN_OBJC_IMPLICIT_RETAIN_SELF = YES;
				CLANG_WARN_OBJC_LITERAL_CONVERSION = YES;
				CLANG_WARN_OBJC_ROOT_CLASS = YES_ERROR;
				CLANG_WARN_RANGE_LOOP_ANALYSIS = YES;
				CLANG_WARN_STRICT_PROTOTYPES = YES;
				CLANG_WARN_SUSPICIOUS_MOVE = YES;
				CLANG_WARN_UNGUARDED_AVAILABILITY = YES_AGGRESSIVE;
				CLANG_WARN_UNREACHABLE_CODE = YES;
				CLANG_WARN__DUPLICATE_METHOD_MATCH = YES;
				COPY_PHASE_STRIP = NO;
				DEBUG_INFORMATION_FORMAT = dwarf;
				ENABLE_STRICT_OBJC_MSGSEND = YES;
				ENABLE_TESTABILITY = YES;
				GCC_C_LANGUAGE_STANDARD = gnu11;
				GCC_DYNAMIC_NO_PIC = NO;
				GCC_NO_COMMON_BLOCKS = YES;
				GCC_OPTIMIZATION_LEVEL = 0;
				GCC_PREPROCESSOR_DEFINITIONS = (
					"DEBUG=1",
					"$(inherited)",
				);
				GCC_WARN_64_TO_32_BIT_CONVERSION = YES;
				GCC_WARN_ABOUT_RETURN_TYPE = YES_ERROR;
				GCC_WARN_UNDECLARED_SELECTOR = YES;
				GCC_WARN_UNINITIALIZED_AUTOS = YES_AGGRESSIVE;
				GCC_WARN_UNUSED_FUNCTION = YES;
				GCC_WARN_UNUSED_VARIABLE = YES;
				IPHONEOS_DEPLOYMENT_TARGET = 13.2;
				MTL_ENABLE_DEBUG_INFO = INCLUDE_SOURCE;
				MTL_FAST_MATH = YES;
				ONLY_ACTIVE_ARCH = YES;
				SDKROOT = iphoneos;
				SWIFT_ACTIVE_COMPILATION_CONDITIONS = DEBUG;
				SWIFT_OPTIMIZATION_LEVEL = "-Onone";
			};
			name = Debug;
		};
		321B631223DC55A400666398 /* Release */ = {
			isa = XCBuildConfiguration;
			buildSettings = {
				ALWAYS_SEARCH_USER_PATHS = NO;
				CLANG_ANALYZER_NONNULL = YES;
				CLANG_ANALYZER_NUMBER_OBJECT_CONVERSION = YES_AGGRESSIVE;
				CLANG_CXX_LANGUAGE_STANDARD = "gnu++14";
				CLANG_CXX_LIBRARY = "libc++";
				CLANG_ENABLE_MODULES = YES;
				CLANG_ENABLE_OBJC_ARC = YES;
				CLANG_ENABLE_OBJC_WEAK = YES;
				CLANG_WARN_BLOCK_CAPTURE_AUTORELEASING = YES;
				CLANG_WARN_BOOL_CONVERSION = YES;
				CLANG_WARN_COMMA = YES;
				CLANG_WARN_CONSTANT_CONVERSION = YES;
				CLANG_WARN_DEPRECATED_OBJC_IMPLEMENTATIONS = YES;
				CLANG_WARN_DIRECT_OBJC_ISA_USAGE = YES_ERROR;
				CLANG_WARN_DOCUMENTATION_COMMENTS = YES;
				CLANG_WARN_EMPTY_BODY = YES;
				CLANG_WARN_ENUM_CONVERSION = YES;
				CLANG_WARN_INFINITE_RECURSION = YES;
				CLANG_WARN_INT_CONVERSION = YES;
				CLANG_WARN_NON_LITERAL_NULL_CONVERSION = YES;
				CLANG_WARN_OBJC_IMPLICIT_RETAIN_SELF = YES;
				CLANG_WARN_OBJC_LITERAL_CONVERSION = YES;
				CLANG_WARN_OBJC_ROOT_CLASS = YES_ERROR;
				CLANG_WARN_RANGE_LOOP_ANALYSIS = YES;
				CLANG_WARN_STRICT_PROTOTYPES = YES;
				CLANG_WARN_SUSPICIOUS_MOVE = YES;
				CLANG_WARN_UNGUARDED_AVAILABILITY = YES_AGGRESSIVE;
				CLANG_WARN_UNREACHABLE_CODE = YES;
				CLANG_WARN__DUPLICATE_METHOD_MATCH = YES;
				COPY_PHASE_STRIP = NO;
				DEBUG_INFORMATION_FORMAT = "dwarf-with-dsym";
				ENABLE_NS_ASSERTIONS = NO;
				ENABLE_STRICT_OBJC_MSGSEND = YES;
				GCC_C_LANGUAGE_STANDARD = gnu11;
				GCC_NO_COMMON_BLOCKS = YES;
				GCC_WARN_64_TO_32_BIT_CONVERSION = YES;
				GCC_WARN_ABOUT_RETURN_TYPE = YES_ERROR;
				GCC_WARN_UNDECLARED_SELECTOR = YES;
				GCC_WARN_UNINITIALIZED_AUTOS = YES_AGGRESSIVE;
				GCC_WARN_UNUSED_FUNCTION = YES;
				GCC_WARN_UNUSED_VARIABLE = YES;
				IPHONEOS_DEPLOYMENT_TARGET = 13.2;
				MTL_ENABLE_DEBUG_INFO = NO;
				MTL_FAST_MATH = YES;
				SDKROOT = iphoneos;
				SWIFT_COMPILATION_MODE = wholemodule;
				SWIFT_OPTIMIZATION_LEVEL = "-O";
				VALIDATE_PRODUCT = YES;
			};
			name = Release;
		};
		321B631423DC55A400666398 /* Debug */ = {
			isa = XCBuildConfiguration;
			baseConfigurationReference = 45016CE7B2E6085DECECE288 /* Pods-RxSwiftCo.debug.xcconfig */;
			buildSettings = {
				ASSETCATALOG_COMPILER_APPICON_NAME = AppIcon;
				CODE_SIGN_STYLE = Automatic;
				INFOPLIST_FILE = RxSwiftCo/Info.plist;
				LD_RUNPATH_SEARCH_PATHS = (
					"$(inherited)",
					"@executable_path/Frameworks",
				);
				PRODUCT_BUNDLE_IDENTIFIER = in.til.popkarn.RxSwiftCo;
				PRODUCT_NAME = "$(TARGET_NAME)";
				SWIFT_VERSION = 5.0;
				TARGETED_DEVICE_FAMILY = "1,2";
			};
			name = Debug;
		};
		321B631523DC55A400666398 /* Release */ = {
			isa = XCBuildConfiguration;
			baseConfigurationReference = 4E722B56D82E3E0C6C2233A6 /* Pods-RxSwiftCo.release.xcconfig */;
			buildSettings = {
				ASSETCATALOG_COMPILER_APPICON_NAME = AppIcon;
				CODE_SIGN_STYLE = Automatic;
				INFOPLIST_FILE = RxSwiftCo/Info.plist;
				LD_RUNPATH_SEARCH_PATHS = (
					"$(inherited)",
					"@executable_path/Frameworks",
				);
				PRODUCT_BUNDLE_IDENTIFIER = in.til.popkarn.RxSwiftCo;
				PRODUCT_NAME = "$(TARGET_NAME)";
				SWIFT_VERSION = 5.0;
				TARGETED_DEVICE_FAMILY = "1,2";
			};
			name = Release;
		};
/* End XCBuildConfiguration section */

/* Begin XCConfigurationList section */
		321B62FA23DC55A400666398 /* Build configuration list for PBXProject "RxSwiftCo" */ = {
			isa = XCConfigurationList;
			buildConfigurations = (
				321B631123DC55A400666398 /* Debug */,
				321B631223DC55A400666398 /* Release */,
			);
			defaultConfigurationIsVisible = 0;
			defaultConfigurationName = Release;
		};
		321B631323DC55A400666398 /* Build configuration list for PBXNativeTarget "RxSwiftCo" */ = {
			isa = XCConfigurationList;
			buildConfigurations = (
				321B631423DC55A400666398 /* Debug */,
				321B631523DC55A400666398 /* Release */,
			);
			defaultConfigurationIsVisible = 0;
			defaultConfigurationName = Release;
		};
/* End XCConfigurationList section */
	};
	rootObject = 321B62F723DC55A400666398 /* Project object */;
}
